{
  "name": "shorts",
  "lockfileVersion": 3,
  "requires": true,
  "packages": {
    "": {
      "name": "shorts",
      "dependencies": {
        "@fontsource/ibm-plex-sans-kr": "^5.2.8",
        "@fontsource/outfit": "^5.2.8",
        "gsap": "3.14.2"
      }
    },
    "node_modules/@fontsource/ibm-plex-sans-kr": {
      "version": "5.3.0",
      "resolved": "https://registry.npmjs.org/@fontsource/ibm-plex-sans-kr/-/ibm-plex-sans-kr-5.3.0.tgz",
      "integrity": "sha512-Malq1TQAnpPHASG76fAthnCY0E41py2r7pZ5JEjgmGfA5tVGz7gwBfvrkhPvT3ZmyMobQrJakHhKZVuXQp7FjQ==",
      "license": "OFL-1.1",
      "funding": {
        "url": "https://github.com/sponsors/ayuhito"
      }
    },
    "node_modules/@fontsource/outfit": {
      "version": "5.3.0",
      "resolved": "https://registry.npmjs.org/@fontsource/outfit/-/outfit-5.3.0.tgz",
      "integrity": "sha512-0AVHzTTVJSxWDOxPKSfMeHhZeBFDU3cmgrcOb76ZEyhGo0+xgyG3GsLF3h9+X8w0IX7G4jzjJgFQEBiWdX6VgA==",
      "license": "OFL-1.1",
      "funding": {
        "url": "https://github.com/sponsors/ayuhito"
      }
    },
    "node_modules/gsap": {
      "version": "3.14.2",
      "resolved": "https://registry.npmjs.org/gsap/-/gsap-3.14.2.tgz",
      "integrity": "sha512-P8/mMxVLU7o4+55+1TCnQrPmgjPKnwkzkXOK1asnR9Jg2lna4tEY5qBJjMmAaOBDDZWtlRjBXjLa0w53G/uBLA==",
      "license": "Standard 'no charge' license: https://gsap.com/standard-license."
    }
  }
}
